// !$*UTF8*$!
{
	archiveVersion = 1;
	classes = {
	};
	objectVersion = 51;
	objects = {

/* Begin PBXBuildFile section */
		665A238622CA24CD00A8FA8F /* AppDelegate.swift in Sources */ = {isa = PBXBuildFile; fileRef = 665A238522CA24CD00A8FA8F /* AppDelegate.swift */; };
		665A238822CA24CD00A8FA8F /* ViewController.swift in Sources */ = {isa = PBXBuildFile; fileRef = 665A238722CA24CD00A8FA8F /* ViewController.swift */; };
		665A238B22CA24CD00A8FA8F /* Main.storyboard in Resources */ = {isa = PBXBuildFile; fileRef = 665A238922CA24CD00A8FA8F /* Main.storyboard */; };
		665A238D22CA24CF00A8FA8F /* Assets.xcassets in Resources */ = {isa = PBXBuildFile; fileRef = 665A238C22CA24CF00A8FA8F /* Assets.xcassets */; };
		665A239022CA24CF00A8FA8F /* LaunchScreen.storyboard in Resources */ = {isa = PBXBuildFile; fileRef = 665A238E22CA24CF00A8FA8F /* LaunchScreen.storyboard */; };
		665A239B22CA24CF00A8FA8F /* ExamplesTests.swift in Sources */ = {isa = PBXBuildFile; fileRef = 665A239A22CA24CF00A8FA8F /* ExamplesTests.swift */; };
		B7E94DCFA4237956D03E19F7 /* Pods_Examples.framework in Frameworks */ = {isa = PBXBuildFile; fileRef = BAE4393DA054102AA3FCC77F /* Pods_Examples.framework */; };
		E24706B8B5F3404A53CD03F6 /* Pods_ExamplesTests.framework in Frameworks */ = {isa = PBXBuildFile; fileRef = 22A4330913A0C58AF677B7F2 /* Pods_ExamplesTests.framework */; };
/* End PBXBuildFile section */

/* Begin PBXContainerItemProxy section */
		665A239722CA24CF00A8FA8F /* PBXContainerItemProxy */ = {
			isa = PBXContainerItemProxy;
			containerPortal = 665A237A22CA24CD00A8FA8F /* Project object */;
			proxyType = 1;
			remoteGlobalIDString = 665A238122CA24CD00A8FA8F;
			remoteInfo = Examples;
		};
/* End PBXContainerItemProxy section */

/* Begin PBXFileReference section */
		22A4330913A0C58AF677B7F2 /* Pods_ExamplesTests.framework */ = {isa = PBXFileReference; explicitFileType = wrapper.framework; includeInIndex = 0; path = Pods_ExamplesTests.framework; sourceTree = BUILT_PRODUCTS_DIR; };
		30EC66788D24C7B722931D8E /* Pods-Examples.release.xcconfig */ = {isa = PBXFileReference; includeInIndex = 1; lastKnownFileType = text.xcconfig; name = "Pods-Examples.release.xcconfig"; path = "Target Support Files/Pods-Examples/Pods-Examples.release.xcconfig"; sourceTree = "<group>"; };
		665A238222CA24CD00A8FA8F /* Examples.app */ = {isa = PBXFileReference; explicitFileType = wrapper.application; includeInIndex = 0; path = Examples.app; sourceTree = BUILT_PRODUCTS_DIR; };
		665A238522CA24CD00A8FA8F /* AppDelegate.swift */ = {isa = PBXFileReference; lastKnownFileType = sourcecode.swift; path = AppDelegate.swift; sourceTree = "<group>"; };
		665A238722CA24CD00A8FA8F /* ViewController.swift */ = {isa = PBXFileReference; lastKnownFileType = sourcecode.swift; path = ViewController.swift; sourceTree = "<group>"; };
		665A238A22CA24CD00A8FA8F /* Base */ = {isa = PBXFileReference; lastKnownFileType = file.storyboard; name = Base; path = Base.lproj/Main.storyboard; sourceTree = "<group>"; };
		665A238C22CA24CF00A8FA8F /* Assets.xcassets */ = {isa = PBXFileReference; lastKnownFileType = folder.assetcatalog; path = Assets.xcassets; sourceTree = "<group>"; };
		665A238F22CA24CF00A8FA8F /* Base */ = {isa = PBXFileReference; lastKnownFileType = file.storyboard; name = Base; path = Base.lproj/LaunchScreen.storyboard; sourceTree = "<group>"; };
		665A239122CA24CF00A8FA8F /* Info.plist */ = {isa = PBXFileReference; lastKnownFileType = text.plist.xml; path = Info.plist; sourceTree = "<group>"; };
		665A239622CA24CF00A8FA8F /* ExamplesTests.xctest */ = {isa = PBXFileReference; explicitFileType = wrapper.cfbundle; includeInIndex = 0; path = ExamplesTests.xctest; sourceTree = BUILT_PRODUCTS_DIR; };
		665A239A22CA24CF00A8FA8F /* ExamplesTests.swift */ = {isa = PBXFileReference; lastKnownFileType = sourcecode.swift; path = ExamplesTests.swift; sourceTree = "<group>"; };
		665A239C22CA24CF00A8FA8F /* Info.plist */ = {isa = PBXFileReference; lastKnownFileType = text.plist.xml; path = Info.plist; sourceTree = "<group>"; };
		7A0C2FF6894C0CC9591A9467 /* Pods-Examples.debug.xcconfig */ = {isa = PBXFileReference; includeInIndex = 1; lastKnownFileType = text.xcconfig; name = "Pods-Examples.debug.xcconfig"; path = "Target Support Files/Pods-Examples/Pods-Examples.debug.xcconfig"; sourceTree = "<group>"; };
		B3EA3C77A12F5F9C48EDC93F /* Pods-ExamplesTests.release.xcconfig */ = {isa = PBXFileReference; includeInIndex = 1; lastKnownFileType = text.xcconfig; name = "Pods-ExamplesTests.release.xcconfig"; path = "Target Support Files/Pods-ExamplesTests/Pods-ExamplesTests.release.xcconfig"; sourceTree = "<group>"; };
		BAE4393DA054102AA3FCC77F /* Pods_Examples.framework */ = {isa = PBXFileReference; explicitFileType = wrapper.framework; includeInIndex = 0; path = Pods_Examples.framework; sourceTree = BUILT_PRODUCTS_DIR; };
		E1286BB85CAFE3837BF47640 /* Pods-ExamplesTests.debug.xcconfig */ = {isa = PBXFileReference; includeInIndex = 1; lastKnownFileType = text.xcconfig; name = "Pods-ExamplesTests.debug.xcconfig"; path = "Target Support Files/Pods-ExamplesTests/Pods-ExamplesTests.debug.xcconfig"; sourceTree = "<group>"; };
/* End PBXFileReference section */

/* Begin PBXFrameworksBuildPhase section */
		665A237F22CA24CD00A8FA8F /* Frameworks */ = {
			isa = PBXFrameworksBuildPhase;
			buildActionMask = 2147483647;
			files = (
				B7E94DCFA4237956D03E19F7 /* Pods_Examples.framework in Frameworks */,
			);
			runOnlyForDeploymentPostprocessing = 0;
		};
		665A239322CA24CF00A8FA8F /* Frameworks */ = {
			isa = PBXFrameworksBuildPhase;
			buildActionMask = 2147483647;
			files = (
				E24706B8B5F3404A53CD03F6 /* Pods_ExamplesTests.framework in Frameworks */,
			);
			runOnlyForDeploymentPostprocessing = 0;
		};
/* End PBXFrameworksBuildPhase section */

/* Begin PBXGroup section */
		0F149E90646CCAF90E4D19BF /* Pods */ = {
			isa = PBXGroup;
			children = (
				7A0C2FF6894C0CC9591A9467 /* Pods-Examples.debug.xcconfig */,
				30EC66788D24C7B722931D8E /* Pods-Examples.release.xcconfig */,
				E1286BB85CAFE3837BF47640 /* Pods-ExamplesTests.debug.xcconfig */,
				B3EA3C77A12F5F9C48EDC93F /* Pods-ExamplesTests.release.xcconfig */,
			);
			path = Pods;
			sourceTree = "<group>";
		};
		665A237922CA24CD00A8FA8F = {
			isa = PBXGroup;
			children = (
				665A238422CA24CD00A8FA8F /* Examples */,
				665A239922CA24CF00A8FA8F /* ExamplesTests */,
				665A238322CA24CD00A8FA8F /* Products */,
				0F149E90646CCAF90E4D19BF /* Pods */,
				67CCFC3C76BA1FB2ED6DA562 /* Frameworks */,
			);
			sourceTree = "<group>";
		};
		665A238322CA24CD00A8FA8F /* Products */ = {
			isa = PBXGroup;
			children = (
				665A238222CA24CD00A8FA8F /* Examples.app */,
				665A239622CA24CF00A8FA8F /* ExamplesTests.xctest */,
			);
			name = Products;
			sourceTree = "<group>";
		};
		665A238422CA24CD00A8FA8F /* Examples */ = {
			isa = PBXGroup;
			children = (
				665A238522CA24CD00A8FA8F /* AppDelegate.swift */,
				665A238722CA24CD00A8FA8F /* ViewController.swift */,
				665A238922CA24CD00A8FA8F /* Main.storyboard */,
				665A238C22CA24CF00A8FA8F /* Assets.xcassets */,
				665A238E22CA24CF00A8FA8F /* LaunchScreen.storyboard */,
				665A239122CA24CF00A8FA8F /* Info.plist */,
			);
			path = Examples;
			sourceTree = "<group>";
		};
		665A239922CA24CF00A8FA8F /* ExamplesTests */ = {
			isa = PBXGroup;
			children = (
				665A239A22CA24CF00A8FA8F /* ExamplesTests.swift */,
				665A239C22CA24CF00A8FA8F /* Info.plist */,
			);
			path = ExamplesTests;
			sourceTree = "<group>";
		};
		67CCFC3C76BA1FB2ED6DA562 /* Frameworks */ = {
			isa = PBXGroup;
			children = (
				BAE4393DA054102AA3FCC77F /* Pods_Examples.framework */,
				22A4330913A0C58AF677B7F2 /* Pods_ExamplesTests.framework */,
			);
			name = Frameworks;
			sourceTree = "<group>";
		};
/* End PBXGroup section */

/* Begin PBXNativeTarget section */
		665A238122CA24CD00A8FA8F /* Examples */ = {
			isa = PBXNativeTarget;
			buildConfigurationList = 665A239F22CA24CF00A8FA8F /* Build configuration list for PBXNativeTarget "Examples" */;
			buildPhases = (
				9722639D3EFF74C4F54BCF10 /* [CP] Check Pods Manifest.lock */,
				665A237E22CA24CD00A8FA8F /* Sources */,
				665A237F22CA24CD00A8FA8F /* Frameworks */,
				665A238022CA24CD00A8FA8F /* Resources */,
				AF73F5ECABE9D784A515C903 /* [CP] Embed Pods Frameworks */,
			);
			buildRules = (
			);
			dependencies = (
			);
			name = Examples;
			productName = Examples;
			productReference = 665A238222CA24CD00A8FA8F /* Examples.app */;
			productType = "com.apple.product-type.application";
		};
		665A239522CA24CF00A8FA8F /* ExamplesTests */ = {
			isa = PBXNativeTarget;
			buildConfigurationList = 665A23A222CA24CF00A8FA8F /* Build configuration list for PBXNativeTarget "ExamplesTests" */;
			buildPhases = (
				0A171E0F58C3D8EB2CC990ED /* [CP] Check Pods Manifest.lock */,
				665A239222CA24CF00A8FA8F /* Sources */,
				665A239322CA24CF00A8FA8F /* Frameworks */,
				665A239422CA24CF00A8FA8F /* Resources */,
			);
			buildRules = (
			);
			dependencies = (
				665A239822CA24CF00A8FA8F /* PBXTargetDependency */,
			);
			name = ExamplesTests;
			productName = ExamplesTests;
			productReference = 665A239622CA24CF00A8FA8F /* ExamplesTests.xctest */;
			productType = "com.apple.product-type.bundle.unit-test";
		};
/* End PBXNativeTarget section */

/* Begin PBXProject section */
		665A237A22CA24CD00A8FA8F /* Project object */ = {
			isa = PBXProject;
			attributes = {
				LastSwiftUpdateCheck = 1020;
				LastUpgradeCheck = 1020;
				ORGANIZATIONNAME = "Baltic International Group OU";
				TargetAttributes = {
					665A238122CA24CD00A8FA8F = {
						CreatedOnToolsVersion = 10.2.1;
					};
					665A239522CA24CF00A8FA8F = {
						CreatedOnToolsVersion = 10.2.1;
						TestTargetID = 665A238122CA24CD00A8FA8F;
					};
				};
			};
			buildConfigurationList = 665A237D22CA24CD00A8FA8F /* Build configuration list for PBXProject "Examples" */;
			compatibilityVersion = "Xcode 9.3";
			developmentRegion = en;
			hasScannedForEncodings = 0;
			knownRegions = (
				en,
				Base,
			);
			mainGroup = 665A237922CA24CD00A8FA8F;
			productRefGroup = 665A238322CA24CD00A8FA8F /* Products */;
			projectDirPath = "";
			projectRoot = "";
			targets = (
				665A238122CA24CD00A8FA8F /* Examples */,
				665A239522CA24CF00A8FA8F /* ExamplesTests */,
			);
		};
/* End PBXProject section */

/* Begin PBXResourcesBuildPhase section */
		665A238022CA24CD00A8FA8F /* Resources */ = {
			isa = PBXResourcesBuildPhase;
			buildActionMask = 2147483647;
			files = (
				665A239022CA24CF00A8FA8F /* LaunchScreen.storyboard in Resources */,
				665A238D22CA24CF00A8FA8F /* Assets.xcassets in Resources */,
				665A238B22CA24CD00A8FA8F /* Main.storyboard in Resources */,
			);
			runOnlyForDeploymentPostprocessing = 0;
		};
		665A239422CA24CF00A8FA8F /* Resources */ = {
			isa = PBXResourcesBuildPhase;
			buildActionMask = 2147483647;
			files = (
			);
			runOnlyForDeploymentPostprocessing = 0;
		};
/* End PBXResourcesBuildPhase section */

/* Begin PBXShellScriptBuildPhase section */
		0A171E0F58C3D8EB2CC990ED /* [CP] Check Pods Manifest.lock */ = {
			isa = PBXShellScriptBuildPhase;
			buildActionMask = 2147483647;
			files = (
			);
			inputFileListPaths = (
			);
			inputPaths = (
				"${PODS_PODFILE_DIR_PATH}/Podfile.lock",
				"${PODS_ROOT}/Manifest.lock",
			);
			name = "[CP] Check Pods Manifest.lock";
			outputFileListPaths = (
			);
			outputPaths = (
				"$(DERIVED_FILE_DIR)/Pods-ExamplesTests-checkManifestLockResult.txt",
			);
			runOnlyForDeploymentPostprocessing = 0;
			shellPath = /bin/sh;
			shellScript = "diff \"${PODS_PODFILE_DIR_PATH}/Podfile.lock\" \"${PODS_ROOT}/Manifest.lock\" > /dev/null\nif [ $? != 0 ] ; then\n    # print error to STDERR\n    echo \"error: The sandbox is not in sync with the Podfile.lock. Run 'pod install' or update your CocoaPods installation.\" >&2\n    exit 1\nfi\n# This output is used by Xcode 'outputs' to avoid re-running this script phase.\necho \"SUCCESS\" > \"${SCRIPT_OUTPUT_FILE_0}\"\n";
			showEnvVarsInLog = 0;
		};
		9722639D3EFF74C4F54BCF10 /* [CP] Check Pods Manifest.lock */ = {
			isa = PBXShellScriptBuildPhase;
			buildActionMask = 2147483647;
			files = (
			);
			inputFileListPaths = (
			);
			inputPaths = (
				"${PODS_PODFILE_DIR_PATH}/Podfile.lock",
				"${PODS_ROOT}/Manifest.lock",
			);
			name = "[CP] Check Pods Manifest.lock";
			outputFileListPaths = (
			);
			outputPaths = (
				"$(DERIVED_FILE_DIR)/Pods-Examples-checkManifestLockResult.txt",
			);
			runOnlyForDeploymentPostprocessing = 0;
			shellPath = /bin/sh;
			shellScript = "diff \"${PODS_PODFILE_DIR_PATH}/Podfile.lock\" \"${PODS_ROOT}/Manifest.lock\" > /dev/null\nif [ $? != 0 ] ; then\n    # print error to STDERR\n    echo \"error: The sandbox is not in sync with the Podfile.lock. Run 'pod install' or update your CocoaPods installation.\" >&2\n    exit 1\nfi\n# This output is used by Xcode 'outputs' to avoid re-running this script phase.\necho \"SUCCESS\" > \"${SCRIPT_OUTPUT_FILE_0}\"\n";
			showEnvVarsInLog = 0;
		};
		AF73F5ECABE9D784A515C903 /* [CP] Embed Pods Frameworks */ = {
			isa = PBXShellScriptBuildPhase;
			buildActionMask = 2147483647;
			files = (
			);
			inputFileListPaths = (
				"${PODS_ROOT}/Target Support Files/Pods-Examples/Pods-Examples-frameworks-${CONFIGURATION}-input-files.xcfilelist",
			);
			name = "[CP] Embed Pods Frameworks";
			outputFileListPaths = (
				"${PODS_ROOT}/Target Support Files/Pods-Examples/Pods-Examples-frameworks-${CONFIGURATION}-output-files.xcfilelist",
			);
			runOnlyForDeploymentPostprocessing = 0;
			shellPath = /bin/sh;
			shellScript = "\"${PODS_ROOT}/Target Support Files/Pods-Examples/Pods-Examples-frameworks.sh\"\n";
			showEnvVarsInLog = 0;
		};
/* End PBXShellScriptBuildPhase section */

/* Begin PBXSourcesBuildPhase section */
		665A237E22CA24CD00A8FA8F /* Sources */ = {
			isa = PBXSourcesBuildPhase;
			buildActionMask = 2147483647;
			files = (
				665A238822CA24CD00A8FA8F /* ViewController.swift in Sources */,
				665A238622CA24CD00A8FA8F /* AppDelegate.swift in Sources */,
			);
			runOnlyForDeploymentPostprocessing = 0;
		};
		665A239222CA24CF00A8FA8F /* Sources */ = {
			isa = PBXSourcesBuildPhase;
			buildActionMask = 2147483647;
			files = (
				665A239B22CA24CF00A8FA8F /* ExamplesTests.swift in Sources */,
			);
			runOnlyForDeploymentPostprocessing = 0;
		};
/* End PBXSourcesBuildPhase section */

/* Begin PBXTargetDependency section */
		665A239822CA24CF00A8FA8F /* PBXTargetDependency */ = {
			isa = PBXTargetDependency;
			target = 665A238122CA24CD00A8FA8F /* Examples */;
			targetProxy = 665A239722CA24CF00A8FA8F /* PBXContainerItemProxy */;
		};
/* End PBXTargetDependency section */

/* Begin PBXVariantGroup section */
		665A238922CA24CD00A8FA8F /* Main.storyboard */ = {
			isa = PBXVariantGroup;
			children = (
				665A238A22CA24CD00A8FA8F /* Base */,
			);
			name = Main.storyboard;
			sourceTree = "<group>";
		};
		665A238E22CA24CF00A8FA8F /* LaunchScreen.storyboard */ = {
			isa = PBXVariantGroup;
			children = (
				665A238F22CA24CF00A8FA8F /* Base */,
			);
			name = LaunchScreen.storyboard;
			sourceTree = "<group>";
		};
/* End PBXVariantGroup section */

/* Begin XCBuildConfiguration section */
		665A239D22CA24CF00A8FA8F /* Debug */ = {
			isa = XCBuildConfiguration;
			buildSettings = {
				ALWAYS_SEARCH_USER_PATHS = NO;
				CLANG_ANALYZER_NONNULL = YES;
				CLANG_ANALYZER_NUMBER_OBJECT_CONVERSION = YES_AGGRESSIVE;
				CLANG_CXX_LANGUAGE_STANDARD = "gnu++14";
				CLANG_CXX_LIBRARY = "libc++";
				CLANG_ENABLE_MODULES = YES;
				CLANG_ENABLE_OBJC_ARC = YES;
				CLANG_ENABLE_OBJC_WEAK = YES;
				CLANG_WARN_BLOCK_CAPTURE_AUTORELEASING = YES;
				CLANG_WARN_BOOL_CONVERSION = YES;
				CLANG_WARN_COMMA = YES;
				CLANG_WARN_CONSTANT_CONVERSION = YES;
				CLANG_WARN_DEPRECATED_OBJC_IMPLEMENTATIONS = YES;
				CLANG_WARN_DIRECT_OBJC_ISA_USAGE = YES_ERROR;
				CLANG_WARN_DOCUMENTATION_COMMENTS = YES;
				CLANG_WARN_EMPTY_BODY = YES;
				CLANG_WARN_ENUM_CONVERSION = YES;
				CLANG_WARN_INFINITE_RECURSION = YES;
				CLANG_WARN_INT_CONVERSION = YES;
				CLANG_WARN_NON_LITERAL_NULL_CONVERSION = YES;
				CLANG_WARN_OBJC_IMPLICIT_RETAIN_SELF = YES;
				CLANG_WARN_OBJC_LITERAL_CONVERSION = YES;
				CLANG_WARN_OBJC_ROOT_CLASS = YES_ERROR;
				CLANG_WARN_RANGE_LOOP_ANALYSIS = YES;
				CLANG_WARN_STRICT_PROTOTYPES = YES;
				CLANG_WARN_SUSPICIOUS_MOVE = YES;
				CLANG_WARN_UNGUARDED_AVAILABILITY = YES_AGGRESSIVE;
				CLANG_WARN_UNREACHABLE_CODE = YES;
				CLANG_WARN__DUPLICATE_METHOD_MATCH = YES;
				CODE_SIGN_IDENTITY = "iPhone Developer";
				COPY_PHASE_STRIP = NO;
				DEBUG_INFORMATION_FORMAT = dwarf;
				ENABLE_STRICT_OBJC_MSGSEND = YES;
				ENABLE_TESTABILITY = YES;
				GCC_C_LANGUAGE_STANDARD = gnu11;
				GCC_DYNAMIC_NO_PIC = NO;
				GCC_NO_COMMON_BLOCKS = YES;
				GCC_OPTIMIZATION_LEVEL = 0;
				GCC_PREPROCESSOR_DEFINITIONS = (
					"DEBUG=1",
					"$(inherited)",
				);
				GCC_WARN_64_TO_32_BIT_CONVERSION = YES;
				GCC_WARN_ABOUT_RETURN_TYPE = YES_ERROR;
				GCC_WARN_UNDECLARED_SELECTOR = YES;
				GCC_WARN_UNINITIALIZED_AUTOS = YES_AGGRESSIVE;
				GCC_WARN_UNUSED_FUNCTION = YES;
				GCC_WARN_UNUSED_VARIABLE = YES;
				IPHONEOS_DEPLOYMENT_TARGET = 12.2;
				MTL_ENABLE_DEBUG_INFO = INCLUDE_SOURCE;
				MTL_FAST_MATH = YES;
				ONLY_ACTIVE_ARCH = YES;
				SDKROOT = iphoneos;
				SWIFT_ACTIVE_COMPILATION_CONDITIONS = DEBUG;
				SWIFT_OPTIMIZATION_LEVEL = "-Onone";
			};
			name = Debug;
		};
		665A239E22CA24CF00A8FA8F /* Release */ = {
			isa = XCBuildConfiguration;
			buildSettings = {
				ALWAYS_SEARCH_USER_PATHS = NO;
				CLANG_ANALYZER_NONNULL = YES;
				CLANG_ANALYZER_NUMBER_OBJECT_CONVERSION = YES_AGGRESSIVE;
				CLANG_CXX_LANGUAGE_STANDARD = "gnu++14";
				CLANG_CXX_LIBRARY = "libc++";
				CLANG_ENABLE_MODULES = YES;
				CLANG_ENABLE_OBJC_ARC = YES;
				CLANG_ENABLE_OBJC_WEAK = YES;
				CLANG_WARN_BLOCK_CAPTURE_AUTORELEASING = YES;
				CLANG_WARN_BOOL_CONVERSION = YES;
				CLANG_WARN_COMMA = YES;
				CLANG_WARN_CONSTANT_CONVERSION = YES;
				CLANG_WARN_DEPRECATED_OBJC_IMPLEMENTATIONS = YES;
				CLANG_WARN_DIRECT_OBJC_ISA_USAGE = YES_ERROR;
				CLANG_WARN_DOCUMENTATION_COMMENTS = YES;
				CLANG_WARN_EMPTY_BODY = YES;
				CLANG_WARN_ENUM_CONVERSION = YES;
				CLANG_WARN_INFINITE_RECURSION = YES;
				CLANG_WARN_INT_CONVERSION = YES;
				CLANG_WARN_NON_LITERAL_NULL_CONVERSION = YES;
				CLANG_WARN_OBJC_IMPLICIT_RETAIN_SELF = YES;
				CLANG_WARN_OBJC_LITERAL_CONVERSION = YES;
				CLANG_WARN_OBJC_ROOT_CLASS = YES_ERROR;
				CLANG_WARN_RANGE_LOOP_ANALYSIS = YES;
				CLANG_WARN_STRICT_PROTOTYPES = YES;
				CLANG_WARN_SUSPICIOUS_MOVE = YES;
				CLANG_WARN_UNGUARDED_AVAILABILITY = YES_AGGRESSIVE;
				CLANG_WARN_UNREACHABLE_CODE = YES;
				CLANG_WARN__DUPLICATE_METHOD_MATCH = YES;
				CODE_SIGN_IDENTITY = "iPhone Developer";
				COPY_PHASE_STRIP = NO;
				DEBUG_INFORMATION_FORMAT = "dwarf-with-dsym";
				ENABLE_NS_ASSERTIONS = NO;
				ENABLE_STRICT_OBJC_MSGSEND = YES;
				GCC_C_LANGUAGE_STANDARD = gnu11;
				GCC_NO_COMMON_BLOCKS = YES;
				GCC_WARN_64_TO_32_BIT_CONVERSION = YES;
				GCC_WARN_ABOUT_RETURN_TYPE = YES_ERROR;
				GCC_WARN_UNDECLARED_SELECTOR = YES;
				GCC_WARN_UNINITIALIZED_AUTOS = YES_AGGRESSIVE;
				GCC_WARN_UNUSED_FUNCTION = YES;
				GCC_WARN_UNUSED_VARIABLE = YES;
				IPHONEOS_DEPLOYMENT_TARGET = 12.2;
				MTL_ENABLE_DEBUG_INFO = NO;
				MTL_FAST_MATH = YES;
				SDKROOT = iphoneos;
				SWIFT_COMPILATION_MODE = wholemodule;
				SWIFT_OPTIMIZATION_LEVEL = "-O";
				VALIDATE_PRODUCT = YES;
			};
			name = Release;
		};
		665A23A022CA24CF00A8FA8F /* Debug */ = {
			isa = XCBuildConfiguration;
			baseConfigurationReference = 7A0C2FF6894C0CC9591A9467 /* Pods-Examples.debug.xcconfig */;
			buildSettings = {
				ASSETCATALOG_COMPILER_APPICON_NAME = AppIcon;
				CODE_SIGN_STYLE = Automatic;
				DEVELOPMENT_TEAM = 8UQ3BUX42T;
				INFOPLIST_FILE = Examples/Info.plist;
				IPHONEOS_DEPLOYMENT_TARGET = 11.1;
				LD_RUNPATH_SEARCH_PATHS = (
					"$(inherited)",
					"@executable_path/Frameworks",
				);
				PRODUCT_BUNDLE_IDENTIFIER = com.paytomat.CryptoCore.Examples;
				PRODUCT_NAME = "$(TARGET_NAME)";
				SWIFT_VERSION = 5.0;
				TARGETED_DEVICE_FAMILY = "1,2";
			};
			name = Debug;
		};
		665A23A122CA24CF00A8FA8F /* Release */ = {
			isa = XCBuildConfiguration;
			baseConfigurationReference = 30EC66788D24C7B722931D8E /* Pods-Examples.release.xcconfig */;
			buildSettings = {
				ASSETCATALOG_COMPILER_APPICON_NAME = AppIcon;
				CODE_SIGN_STYLE = Automatic;
				DEVELOPMENT_TEAM = 8UQ3BUX42T;
				INFOPLIST_FILE = Examples/Info.plist;
				IPHONEOS_DEPLOYMENT_TARGET = 11.1;
				LD_RUNPATH_SEARCH_PATHS = (
					"$(inherited)",
					"@executable_path/Frameworks",
				);
				PRODUCT_BUNDLE_IDENTIFIER = com.paytomat.CryptoCore.Examples;
				PRODUCT_NAME = "$(TARGET_NAME)";
				SWIFT_VERSION = 5.0;
				TARGETED_DEVICE_FAMILY = "1,2";
			};
			name = Release;
		};
		665A23A322CA24CF00A8FA8F /* Debug */ = {
			isa = XCBuildConfiguration;
			baseConfigurationReference = E1286BB85CAFE3837BF47640 /* Pods-ExamplesTests.debug.xcconfig */;
			buildSettings = {
				ALWAYS_EMBED_SWIFT_STANDARD_LIBRARIES = YES;
				BUNDLE_LOADER = "$(TEST_HOST)";
				CODE_SIGN_STYLE = Automatic;
				DEVELOPMENT_TEAM = 8UQ3BUX42T;
				INFOPLIST_FILE = ExamplesTests/Info.plist;
				LD_RUNPATH_SEARCH_PATHS = (
					"$(inherited)",
					"@executable_path/Frameworks",
					"@loader_path/Frameworks",
				);
				PRODUCT_BUNDLE_IDENTIFIER = com.paytomat.CryptoCore.ExamplesTests;
				PRODUCT_NAME = "$(TARGET_NAME)";
				SWIFT_VERSION = 5.0;
				TARGETED_DEVICE_FAMILY = "1,2";
				TEST_HOST = "$(BUILT_PRODUCTS_DIR)/Examples.app/Examples";
			};
			name = Debug;
		};
		665A23A422CA24CF00A8FA8F /* Release */ = {
			isa = XCBuildConfiguration;
			baseConfigurationReference = B3EA3C77A12F5F9C48EDC93F /* Pods-ExamplesTests.release.xcconfig */;
			buildSettings = {
				ALWAYS_EMBED_SWIFT_STANDARD_LIBRARIES = YES;
				BUNDLE_LOADER = "$(TEST_HOST)";
				CODE_SIGN_STYLE = Automatic;
				DEVELOPMENT_TEAM = 8UQ3BUX42T;
				INFOPLIST_FILE = ExamplesTests/Info.plist;
				LD_RUNPATH_SEARCH_PATHS = (
					"$(inherited)",
					"@executable_path/Frameworks",
					"@loader_path/Frameworks",
				);
				PRODUCT_BUNDLE_IDENTIFIER = com.paytomat.CryptoCore.ExamplesTests;
				PRODUCT_NAME = "$(TARGET_NAME)";
				SWIFT_VERSION = 5.0;
				TARGETED_DEVICE_FAMILY = "1,2";
				TEST_HOST = "$(BUILT_PRODUCTS_DIR)/Examples.app/Examples";
			};
			name = Release;
		};
/* End XCBuildConfiguration section */

/* Begin XCConfigurationList section */
		665A237D22CA24CD00A8FA8F /* Build configuration list for PBXProject "Examples" */ = {
			isa = XCConfigurationList;
			buildConfigurations = (
				665A239D22CA24CF00A8FA8F /* Debug */,
				665A239E22CA24CF00A8FA8F /* Release */,
			);
			defaultConfigurationIsVisible = 0;
			defaultConfigurationName = Release;
		};
		665A239F22CA24CF00A8FA8F /* Build configuration list for PBXNativeTarget "Examples" */ = {
			isa = XCConfigurationList;
			buildConfigurations = (
				665A23A022CA24CF00A8FA8F /* Debug */,
				665A23A122CA24CF00A8FA8F /* Release */,
			);
			defaultConfigurationIsVisible = 0;
			defaultConfigurationName = Release;
		};
		665A23A222CA24CF00A8FA8F /* Build configuration list for PBXNativeTarget "ExamplesTests" */ = {
			isa = XCConfigurationList;
			buildConfigurations = (
				665A23A322CA24CF00A8FA8F /* Debug */,
				665A23A422CA24CF00A8FA8F /* Release */,
			);
			defaultConfigurationIsVisible = 0;
			defaultConfigurationName = Release;
		};
/* End XCConfigurationList section */
	};
	rootObject = 665A237A22CA24CD00A8FA8F /* Project object */;
}
